
Microsoft Visual Studio Solution File, Format Version 12.00
# Visual Studio Version 17
VisualStudioVersion = 17.14.35906.104 d17.14
MinimumVisualStudioVersion = 10.0.40219.1
Project("{FAE04EC0-301F-11D3-BF4B-00C04F79EFBC}") = "RecruitmentTask.Api", "src\RecruitmentTask.Api\RecruitmentTask.Api.csproj", "{505E1756-8771-4EFA-AFAE-168A399B8D37}"
EndProject
Project("{FAE04EC0-301F-11D3-BF4B-00C04F79EFBC}") = "RecruitmentTask.Infrastructure", "src\RecruitmentTask.Infrastructure\RecruitmentTask.Infrastructure.csproj", "{7C212412-4CBA-4618-9677-459B286837CF}"
EndProject
Project("{FAE04EC0-301F-11D3-BF4B-00C04F79EFBC}") = "RecruitmentTask.Application", "src\RecruitmentTask.Application\RecruitmentTask.Application.csproj", "{BB6B7051-DD09-4777-88F8-058DD5B47A77}"
EndProject
Project("{FAE04EC0-301F-11D3-BF4B-00C04F79EFBC}") = "RecruitmentTask.Domain", "src\RecruitmentTask.Domain\RecruitmentTask.Domain.csproj", "{5866121A-EF57-4499-A121-ACF769371723}"
EndProject
Project("{FAE04EC0-301F-11D3-BF4B-00C04F79EFBC}") = "RecruitmentTask.Tests", "src\RecruitmentTask.Tests\RecruitmentTask.Tests.csproj", "{B0122C68-1C83-4937-A547-78852B6F262E}"
EndProject
Global
	GlobalSection(SolutionConfigurationPlatforms) = preSolution
		Debug|Any CPU = Debug|Any CPU
		Release|Any CPU = Release|Any CPU
	EndGlobalSection
	GlobalSection(ProjectConfigurationPlatforms) = postSolution
		{505E1756-8771-4EFA-AFAE-168A399B8D37}.Debug|Any CPU.ActiveCfg = Debug|Any CPU
		{505E1756-8771-4EFA-AFAE-168A399B8D37}.Debug|Any CPU.Build.0 = Debug|Any CPU
		{505E1756-8771-4EFA-AFAE-168A399B8D37}.Release|Any CPU.ActiveCfg = Release|Any CPU
		{505E1756-8771-4EFA-AFAE-168A399B8D37}.Release|Any CPU.Build.0 = Release|Any CPU
		{7C212412-4CBA-4618-9677-459B286837CF}.Debug|Any CPU.ActiveCfg = Debug|Any CPU
		{7C212412-4CBA-4618-9677-459B286837CF}.Debug|Any CPU.Build.0 = Debug|Any CPU
		{7C212412-4CBA-4618-9677-459B286837CF}.Release|Any CPU.ActiveCfg = Release|Any CPU
		{7C212412-4CBA-4618-9677-459B286837CF}.Release|Any CPU.Build.0 = Release|Any CPU
		{BB6B7051-DD09-4777-88F8-058DD5B47A77}.Debug|Any CPU.ActiveCfg = Debug|Any CPU
		{BB6B7051-DD09-4777-88F8-058DD5B47A77}.Debug|Any CPU.Build.0 = Debug|Any CPU
		{BB6B7051-DD09-4777-88F8-058DD5B47A77}.Release|Any CPU.ActiveCfg = Release|Any CPU
		{BB6B7051-DD09-4777-88F8-058DD5B47A77}.Release|Any CPU.Build.0 = Release|Any CPU
		{5866121A-EF57-4499-A121-ACF769371723}.Debug|Any CPU.ActiveCfg = Debug|Any CPU
		{5866121A-EF57-4499-A121-ACF769371723}.Debug|Any CPU.Build.0 = Debug|Any CPU
		{5866121A-EF57-4499-A121-ACF769371723}.Release|Any CPU.ActiveCfg = Release|Any CPU
		{5866121A-EF57-4499-A121-ACF769371723}.Release|Any CPU.Build.0 = Release|Any CPU
		{B0122C68-1C83-4937-A547-78852B6F262E}.Debug|Any CPU.ActiveCfg = Debug|Any CPU
		{B0122C68-1C83-4937-A547-78852B6F262E}.Debug|Any CPU.Build.0 = Debug|Any CPU
		{B0122C68-1C83-4937-A547-78852B6F262E}.Release|Any CPU.ActiveCfg = Release|Any CPU
		{B0122C68-1C83-4937-A547-78852B6F262E}.Release|Any CPU.Build.0 = Release|Any CPU
	EndGlobalSection
	GlobalSection(SolutionProperties) = preSolution
		HideSolutionNode = FALSE
	EndGlobalSection
	GlobalSection(ExtensibilityGlobals) = postSolution
		SolutionGuid = {1AC8968D-0ECE-428E-8BC0-7CF606FAA443}
	EndGlobalSection
EndGlobal
